
Microsoft Visual Studio Solution File, Format Version 12.00
# Visual Studio Version 16
VisualStudioVersion = 16.0.31313.79
MinimumVisualStudioVersion = 10.0.40219.1
Project("{FAE04EC0-301F-11D3-BF4B-00C04F79EFBC}") = "N_Unit_Testing", "N_Unit_Testing.csproj", "{48C0F3DB-E303-4671-870F-4CBA12D9FCF3}"
EndProject
Global
	GlobalSection(SolutionConfigurationPlatforms) = preSolution
		Debug|Any CPU = Debug|Any CPU
		Release|Any CPU = Release|Any CPU
	EndGlobalSection
	GlobalSection(ProjectConfigurationPlatforms) = postSolution
		{48C0F3DB-E303-4671-870F-4CBA12D9FCF3}.Debug|Any CPU.ActiveCfg = Debug|Any CPU
		{48C0F3DB-E303-4671-870F-4CBA12D9FCF3}.Debug|Any CPU.Build.0 = Debug|Any CPU
		{48C0F3DB-E303-4671-870F-4CBA12D9FCF3}.Release|Any CPU.ActiveCfg = Release|Any CPU
		{48C0F3DB-E303-4671-870F-4CBA12D9FCF3}.Release|Any CPU.Build.0 = Release|Any CPU
	EndGlobalSection
	GlobalSection(SolutionProperties) = preSolution
		HideSolutionNode = FALSE
	EndGlobalSection
	GlobalSection(ExtensibilityGlobals) = postSolution
		SolutionGuid = {EC334AF0-C14C-46E1-9A49-A4761C671322}
	EndGlobalSection
EndGlobal
